
Microsoft Visual Studio Solution File, Format Version 12.00
# Visual Studio Version 16
VisualStudioVersion = 16.0.33027.164
MinimumVisualStudioVersion = 10.0.40219.1
Project("{FAE04EC0-301F-11D3-BF4B-00C04F79EFBC}") = "LeadTracker", "LeadTracker\LeadTracker.csproj", "{4685D8F3-388B-4E79-96E9-FE987C10B475}"
EndProject
Global
	GlobalSection(SolutionConfigurationPlatforms) = preSolution
		Debug|Any CPU = Debug|Any CPU
		Release|Any CPU = Release|Any CPU
	EndGlobalSection
	GlobalSection(ProjectConfigurationPlatforms) = postSolution
		{4685D8F3-388B-4E79-96E9-FE987C10B475}.Debug|Any CPU.ActiveCfg = Debug|Any CPU
		{4685D8F3-388B-4E79-96E9-FE987C10B475}.Debug|Any CPU.Build.0 = Debug|Any CPU
		{4685D8F3-388B-4E79-96E9-FE987C10B475}.Release|Any CPU.ActiveCfg = Release|Any CPU
		{4685D8F3-388B-4E79-96E9-FE987C10B475}.Release|Any CPU.Build.0 = Release|Any CPU
	EndGlobalSection
	GlobalSection(SolutionProperties) = preSolution
		HideSolutionNode = FALSE
	EndGlobalSection
	GlobalSection(ExtensibilityGlobals) = postSolution
		SolutionGuid = {8688A49C-5AE7-4E69-8072-BFC8F2776AF3}
	EndGlobalSection
EndGlobal
